
Microsoft Visual Studio Solution File, Format Version 12.00
# Visual Studio 14
VisualStudioVersion = 14.0.25420.1
MinimumVisualStudioVersion = 10.0.40219.1
Project("{FAE04EC0-301F-11D3-BF4B-00C04F79EFBC}") = "WebServiceWCFRestXml", "WebServiceWCFRestXml\WebServiceWCFRestXml.csproj", "{A1FC7105-9649-41C4-A183-AD19DF5B6DC5}"
EndProject
Project("{FAE04EC0-301F-11D3-BF4B-00C04F79EFBC}") = "ConsoleRESTFull", "ConsoleRESTFull\ConsoleRESTFull.csproj", "{C7AE6117-7A2B-4D4D-85EE-015A4372274B}"
EndProject
Project("{FAE04EC0-301F-11D3-BF4B-00C04F79EFBC}") = "ClientWinFormJsonOuXml", "ClientWinFormJsonOuXml\ClientWinFormJsonOuXml.csproj", "{FF114C62-D585-4502-A8B4-0B6F38EEEFA9}"
EndProject
Global
	GlobalSection(SolutionConfigurationPlatforms) = preSolution
		Debug|Any CPU = Debug|Any CPU
		Release|Any CPU = Release|Any CPU
	EndGlobalSection
	GlobalSection(ProjectConfigurationPlatforms) = postSolution
		{A1FC7105-9649-41C4-A183-AD19DF5B6DC5}.Debug|Any CPU.ActiveCfg = Debug|Any CPU
		{A1FC7105-9649-41C4-A183-AD19DF5B6DC5}.Debug|Any CPU.Build.0 = Debug|Any CPU
		{A1FC7105-9649-41C4-A183-AD19DF5B6DC5}.Release|Any CPU.ActiveCfg = Release|Any CPU
		{A1FC7105-9649-41C4-A183-AD19DF5B6DC5}.Release|Any CPU.Build.0 = Release|Any CPU
		{C7AE6117-7A2B-4D4D-85EE-015A4372274B}.Debug|Any CPU.ActiveCfg = Debug|Any CPU
		{C7AE6117-7A2B-4D4D-85EE-015A4372274B}.Debug|Any CPU.Build.0 = Debug|Any CPU
		{C7AE6117-7A2B-4D4D-85EE-015A4372274B}.Release|Any CPU.ActiveCfg = Release|Any CPU
		{C7AE6117-7A2B-4D4D-85EE-015A4372274B}.Release|Any CPU.Build.0 = Release|Any CPU
		{FF114C62-D585-4502-A8B4-0B6F38EEEFA9}.Debug|Any CPU.ActiveCfg = Debug|Any CPU
		{FF114C62-D585-4502-A8B4-0B6F38EEEFA9}.Debug|Any CPU.Build.0 = Debug|Any CPU
		{FF114C62-D585-4502-A8B4-0B6F38EEEFA9}.Release|Any CPU.ActiveCfg = Release|Any CPU
		{FF114C62-D585-4502-A8B4-0B6F38EEEFA9}.Release|Any CPU.Build.0 = Release|Any CPU
	EndGlobalSection
	GlobalSection(SolutionProperties) = preSolution
		HideSolutionNode = FALSE
	EndGlobalSection
EndGlobal
